github.com/KKKZOZ/hugo-admonitions v0.12.1 h1:SMpeJ4/0VUXwpy1bgmyigNrXTPmAFrO28/+jQ4+dDpA=
github.com/KKKZOZ/hugo-admonitions v0.12.1/go.mod h1:4PsJAsqo3mS3VzAtDLa8k0ds+CJQUWZhAo9kLi1NRlM=
github.com/silencial/hugo-PaperMod v0.0.0-20260626074927-3ab4de40a65d h1:G2G45W4O0bRp/JICFj2s4y9q3ejbd1KuHRMA73yuZLY=
github.com/silencial/hugo-PaperMod v0.0.0-20260626074927-3ab4de40a65d/go.mod h1:rkQZpQC/ae74gY0X7QF01d/hpoWHkJoM7mnQOuVgtRM=
